
Microsoft Visual Studio Solution File, Format Version 12.00
# Visual Studio Version 17
VisualStudioVersion = 17.14.36327.8
MinimumVisualStudioVersion = 10.0.40219.1
Project("{FAE04EC0-301F-11D3-BF4B-00C04F79EFBC}") = "LLTSharp", "src\LLTSharp\LLTSharp.csproj", "{633C6A65-2837-4FCF-B7DF-66F89716A1A9}"
EndProject
Project("{FAE04EC0-301F-11D3-BF4B-00C04F79EFBC}") = "LLTSharp.Tests", "tests\LLTSharp.Tests\LLTSharp.Tests.csproj", "{83D5BCFA-E272-4B28-8CC5-C6398C4728EA}"
EndProject
Global
	GlobalSection(SolutionConfigurationPlatforms) = preSolution
		Debug|Any CPU = Debug|Any CPU
		Release|Any CPU = Release|Any CPU
	EndGlobalSection
	GlobalSection(ProjectConfigurationPlatforms) = postSolution
		{633C6A65-2837-4FCF-B7DF-66F89716A1A9}.Debug|Any CPU.ActiveCfg = Debug|Any CPU
		{633C6A65-2837-4FCF-B7DF-66F89716A1A9}.Debug|Any CPU.Build.0 = Debug|Any CPU
		{633C6A65-2837-4FCF-B7DF-66F89716A1A9}.Release|Any CPU.ActiveCfg = Release|Any CPU
		{633C6A65-2837-4FCF-B7DF-66F89716A1A9}.Release|Any CPU.Build.0 = Release|Any CPU
		{83D5BCFA-E272-4B28-8CC5-C6398C4728EA}.Debug|Any CPU.ActiveCfg = Debug|Any CPU
		{83D5BCFA-E272-4B28-8CC5-C6398C4728EA}.Debug|Any CPU.Build.0 = Debug|Any CPU
		{83D5BCFA-E272-4B28-8CC5-C6398C4728EA}.Release|Any CPU.ActiveCfg = Release|Any CPU
		{83D5BCFA-E272-4B28-8CC5-C6398C4728EA}.Release|Any CPU.Build.0 = Release|Any CPU
	EndGlobalSection
	GlobalSection(SolutionProperties) = preSolution
		HideSolutionNode = FALSE
	EndGlobalSection
	GlobalSection(ExtensibilityGlobals) = postSolution
		SolutionGuid = {7A4DA81D-E893-4FA7-A77D-E0470E2DD056}
	EndGlobalSection
EndGlobal
